// !$*UTF8*$!
{
	archiveVersion = 1;
	classes = {
	};
	objectVersion = 55;
	objects = {

/* Begin PBXBuildFile section */
		46371FA328AF5C070079BC3B /* Persistence.swift in Sources */ = {isa = PBXBuildFile; fileRef = 46371F9D28AF5C070079BC3B /* Persistence.swift */; };
		46371FA428AF5C070079BC3B /* DotCoreDataService.swift in Sources */ = {isa = PBXBuildFile; fileRef = 46371F9F28AF5C070079BC3B /* DotCoreDataService.swift */; };
		46371FA728AF5E190079BC3B /* DotService.swift in Sources */ = {isa = PBXBuildFile; fileRef = 46371FA628AF5E190079BC3B /* DotService.swift */; };
		46371FAA28AF70AA0079BC3B /* BaseButton.swift in Sources */ = {isa = PBXBuildFile; fileRef = 46371FA928AF70AA0079BC3B /* BaseButton.swift */; };
		46371FAC28AF70B70079BC3B /* PrimaryButton.swift in Sources */ = {isa = PBXBuildFile; fileRef = 46371FAB28AF70B70079BC3B /* PrimaryButton.swift */; };
		46371FAE28AF717A0079BC3B /* SecondaryButton.swift in Sources */ = {isa = PBXBuildFile; fileRef = 46371FAD28AF717A0079BC3B /* SecondaryButton.swift */; };
		4639C7FC28B6665E00107A27 /* DotMockService.swift in Sources */ = {isa = PBXBuildFile; fileRef = 4639C7FB28B6665E00107A27 /* DotMockService.swift */; };
		4639C7FF28B666CF00107A27 /* DotServiceTests.swift in Sources */ = {isa = PBXBuildFile; fileRef = 4639C7FE28B666CF00107A27 /* DotServiceTests.swift */; };
		4641863728A607DC009188D8 /* GDBDApp.swift in Sources */ = {isa = PBXBuildFile; fileRef = 4641863628A607DC009188D8 /* GDBDApp.swift */; };
		4641863B28A607DF009188D8 /* Assets.xcassets in Resources */ = {isa = PBXBuildFile; fileRef = 4641863A28A607DF009188D8 /* Assets.xcassets */; };
		4641863E28A607DF009188D8 /* Preview Assets.xcassets in Resources */ = {isa = PBXBuildFile; fileRef = 4641863D28A607DF009188D8 /* Preview Assets.xcassets */; };
		4641864D28A607DF009188D8 /* CreateDotViewStoreTests.swift in Sources */ = {isa = PBXBuildFile; fileRef = 4641864C28A607DF009188D8 /* CreateDotViewStoreTests.swift */; };
		4641865728A607DF009188D8 /* GDBDUITests.swift in Sources */ = {isa = PBXBuildFile; fileRef = 4641865628A607DF009188D8 /* GDBDUITests.swift */; };
		4641865928A607DF009188D8 /* GDBDUITestsLaunchTests.swift in Sources */ = {isa = PBXBuildFile; fileRef = 4641865828A607DF009188D8 /* GDBDUITestsLaunchTests.swift */; };
		466C657E28A613ED00DF8951 /* MainTabBarView.swift in Sources */ = {isa = PBXBuildFile; fileRef = 466C657D28A613ED00DF8951 /* MainTabBarView.swift */; };
		466C658228A6183000DF8951 /* CreateDotView.swift in Sources */ = {isa = PBXBuildFile; fileRef = 466C658128A6183000DF8951 /* CreateDotView.swift */; };
		46973B8428B6F55C00037315 /* CalendarViewStore.swift in Sources */ = {isa = PBXBuildFile; fileRef = 46973B8328B6F55C00037315 /* CalendarViewStore.swift */; };
		46973B8628B72EBF00037315 /* UIColor + Utilities.swift in Sources */ = {isa = PBXBuildFile; fileRef = 46973B8528B72EBF00037315 /* UIColor + Utilities.swift */; };
		469BFA0E28CE132F00D380D4 /* StyleSwitcher.swift in Sources */ = {isa = PBXBuildFile; fileRef = 469BFA0D28CE132F00D380D4 /* StyleSwitcher.swift */; };
		469BFA1128CE255400D380D4 /* CalendarViewStoreTests.swift in Sources */ = {isa = PBXBuildFile; fileRef = 469BFA1028CE255400D380D4 /* CalendarViewStoreTests.swift */; };
		469BFA1428D09CC800D380D4 /* CalendarCell.swift in Sources */ = {isa = PBXBuildFile; fileRef = 469BFA1328D09CC800D380D4 /* CalendarCell.swift */; };
		469E61BC28CCC331008D86B3 /* CalendarComponent.swift in Sources */ = {isa = PBXBuildFile; fileRef = 469E61BB28CCC331008D86B3 /* CalendarComponent.swift */; };
		469E61BE28CCC367008D86B3 /* GDBDCalendarViewCell.swift in Sources */ = {isa = PBXBuildFile; fileRef = 469E61BD28CCC367008D86B3 /* GDBDCalendarViewCell.swift */; };
		469E61C128CCC872008D86B3 /* Dot.swift in Sources */ = {isa = PBXBuildFile; fileRef = 469E61C028CCC872008D86B3 /* Dot.swift */; };
		469E61C828CCC9AE008D86B3 /* GDBD.xcdatamodeld in Sources */ = {isa = PBXBuildFile; fileRef = 469E61C628CCC9AE008D86B3 /* GDBD.xcdatamodeld */; };
		469E61CB28CCCAAB008D86B3 /* DotCDModel+CoreDataClass.swift in Sources */ = {isa = PBXBuildFile; fileRef = 469E61C928CCCAAB008D86B3 /* DotCDModel+CoreDataClass.swift */; };
		469E61CC28CCCAAB008D86B3 /* DotCDModel+CoreDataProperties.swift in Sources */ = {isa = PBXBuildFile; fileRef = 469E61CA28CCCAAB008D86B3 /* DotCDModel+CoreDataProperties.swift */; };
		469E61CF28CCCC60008D86B3 /* DotCDModelFactory.swift in Sources */ = {isa = PBXBuildFile; fileRef = 469E61CE28CCCC60008D86B3 /* DotCDModelFactory.swift */; };
		469E61D128CCD7B1008D86B3 /* DotsTableView.swift in Sources */ = {isa = PBXBuildFile; fileRef = 469E61D028CCD7B1008D86B3 /* DotsTableView.swift */; };
		469E61D528CCE1E0008D86B3 /* MonthDatePicker.swift in Sources */ = {isa = PBXBuildFile; fileRef = 469E61D428CCE1E0008D86B3 /* MonthDatePicker.swift */; };
		46E90BBD28ADBC8200A63878 /* RoundedCornerView.swift in Sources */ = {isa = PBXBuildFile; fileRef = 46E90BBC28ADBC8200A63878 /* RoundedCornerView.swift */; };
		46E90BC028ADD1F700A63878 /* NewDotView.swift in Sources */ = {isa = PBXBuildFile; fileRef = 46E90BBF28ADD1F700A63878 /* NewDotView.swift */; };
		46E90BEF28AF39EC00A63878 /* CalendarView.swift in Sources */ = {isa = PBXBuildFile; fileRef = 46E90BEE28AF39EC00A63878 /* CalendarView.swift */; };
		46E90BF328AF3E9700A63878 /* Date + Utilities.swift in Sources */ = {isa = PBXBuildFile; fileRef = 46E90BF228AF3E9700A63878 /* Date + Utilities.swift */; };
		46F4C93228B3159A00641857 /* TitledTextField.swift in Sources */ = {isa = PBXBuildFile; fileRef = 46F4C93128B3159A00641857 /* TitledTextField.swift */; };
		46F4C93528B346D200641857 /* NSError + Utilities.swift in Sources */ = {isa = PBXBuildFile; fileRef = 46F4C93428B346D200641857 /* NSError + Utilities.swift */; };
		46F4C93828B3BE6300641857 /* Colors.swift in Sources */ = {isa = PBXBuildFile; fileRef = 46F4C93728B3BE6300641857 /* Colors.swift */; };
		46F4C93A28B5A23600641857 /* CreateDotViewStore.swift in Sources */ = {isa = PBXBuildFile; fileRef = 46F4C93928B5A23600641857 /* CreateDotViewStore.swift */; };
/* End PBXBuildFile section */

/* Begin PBXContainerItemProxy section */
		4641864928A607DF009188D8 /* PBXContainerItemProxy */ = {
			isa = PBXContainerItemProxy;
			containerPortal = 4641862B28A607DB009188D8 /* Project object */;
			proxyType = 1;
			remoteGlobalIDString = 4641863228A607DC009188D8;
			remoteInfo = GDBD;
		};
		4641865328A607DF009188D8 /* PBXContainerItemProxy */ = {
			isa = PBXContainerItemProxy;
			containerPortal = 4641862B28A607DB009188D8 /* Project object */;
			proxyType = 1;
			remoteGlobalIDString = 4641863228A607DC009188D8;
			remoteInfo = GDBD;
		};
/* End PBXContainerItemProxy section */

/* Begin PBXFileReference section */
		46371F9D28AF5C070079BC3B /* Persistence.swift */ = {isa = PBXFileReference; fileEncoding = 4; lastKnownFileType = sourcecode.swift; path = Persistence.swift; sourceTree = "<group>"; };
		46371F9F28AF5C070079BC3B /* DotCoreDataService.swift */ = {isa = PBXFileReference; fileEncoding = 4; lastKnownFileType = sourcecode.swift; path = DotCoreDataService.swift; sourceTree = "<group>"; };
		46371FA628AF5E190079BC3B /* DotService.swift */ = {isa = PBXFileReference; lastKnownFileType = sourcecode.swift; path = DotService.swift; sourceTree = "<group>"; };
		46371FA928AF70AA0079BC3B /* BaseButton.swift */ = {isa = PBXFileReference; lastKnownFileType = sourcecode.swift; path = BaseButton.swift; sourceTree = "<group>"; };
		46371FAB28AF70B70079BC3B /* PrimaryButton.swift */ = {isa = PBXFileReference; lastKnownFileType = sourcecode.swift; path = PrimaryButton.swift; sourceTree = "<group>"; };
		46371FAD28AF717A0079BC3B /* SecondaryButton.swift */ = {isa = PBXFileReference; lastKnownFileType = sourcecode.swift; path = SecondaryButton.swift; sourceTree = "<group>"; };
		4639C7FB28B6665E00107A27 /* DotMockService.swift */ = {isa = PBXFileReference; fileEncoding = 4; lastKnownFileType = sourcecode.swift; path = DotMockService.swift; sourceTree = "<group>"; };
		4639C7FE28B666CF00107A27 /* DotServiceTests.swift */ = {isa = PBXFileReference; lastKnownFileType = sourcecode.swift; path = DotServiceTests.swift; sourceTree = "<group>"; };
		4641863328A607DC009188D8 /* GDBD.app */ = {isa = PBXFileReference; explicitFileType = wrapper.application; includeInIndex = 0; path = GDBD.app; sourceTree = BUILT_PRODUCTS_DIR; };
		4641863628A607DC009188D8 /* GDBDApp.swift */ = {isa = PBXFileReference; lastKnownFileType = sourcecode.swift; path = GDBDApp.swift; sourceTree = "<group>"; };
		4641863A28A607DF009188D8 /* Assets.xcassets */ = {isa = PBXFileReference; lastKnownFileType = folder.assetcatalog; path = Assets.xcassets; sourceTree = "<group>"; };
		4641863D28A607DF009188D8 /* Preview Assets.xcassets */ = {isa = PBXFileReference; lastKnownFileType = folder.assetcatalog; path = "Preview Assets.xcassets"; sourceTree = "<group>"; };
		4641864828A607DF009188D8 /* GDBDTests.xctest */ = {isa = PBXFileReference; explicitFileType = wrapper.cfbundle; includeInIndex = 0; path = GDBDTests.xctest; sourceTree = BUILT_PRODUCTS_DIR; };
		4641864C28A607DF009188D8 /* CreateDotViewStoreTests.swift */ = {isa = PBXFileReference; lastKnownFileType = sourcecode.swift; path = CreateDotViewStoreTests.swift; sourceTree = "<group>"; };
		4641865228A607DF009188D8 /* GDBDUITests.xctest */ = {isa = PBXFileReference; explicitFileType = wrapper.cfbundle; includeInIndex = 0; path = GDBDUITests.xctest; sourceTree = BUILT_PRODUCTS_DIR; };
		4641865628A607DF009188D8 /* GDBDUITests.swift */ = {isa = PBXFileReference; lastKnownFileType = sourcecode.swift; path = GDBDUITests.swift; sourceTree = "<group>"; };
		4641865828A607DF009188D8 /* GDBDUITestsLaunchTests.swift */ = {isa = PBXFileReference; lastKnownFileType = sourcecode.swift; path = GDBDUITestsLaunchTests.swift; sourceTree = "<group>"; };
		466C657D28A613ED00DF8951 /* MainTabBarView.swift */ = {isa = PBXFileReference; lastKnownFileType = sourcecode.swift; path = MainTabBarView.swift; sourceTree = "<group>"; };
		466C658128A6183000DF8951 /* CreateDotView.swift */ = {isa = PBXFileReference; lastKnownFileType = sourcecode.swift; path = CreateDotView.swift; sourceTree = "<group>"; };
		46973B8328B6F55C00037315 /* CalendarViewStore.swift */ = {isa = PBXFileReference; lastKnownFileType = sourcecode.swift; path = CalendarViewStore.swift; sourceTree = "<group>"; };
		46973B8528B72EBF00037315 /* UIColor + Utilities.swift */ = {isa = PBXFileReference; lastKnownFileType = sourcecode.swift; path = "UIColor + Utilities.swift"; sourceTree = "<group>"; };
		469BFA0D28CE132F00D380D4 /* StyleSwitcher.swift */ = {isa = PBXFileReference; lastKnownFileType = sourcecode.swift; path = StyleSwitcher.swift; sourceTree = "<group>"; };
		469BFA1028CE255400D380D4 /* CalendarViewStoreTests.swift */ = {isa = PBXFileReference; lastKnownFileType = sourcecode.swift; path = CalendarViewStoreTests.swift; sourceTree = "<group>"; };
		469BFA1328D09CC800D380D4 /* CalendarCell.swift */ = {isa = PBXFileReference; lastKnownFileType = sourcecode.swift; path = CalendarCell.swift; sourceTree = "<group>"; };
		469E61BB28CCC331008D86B3 /* CalendarComponent.swift */ = {isa = PBXFileReference; lastKnownFileType = sourcecode.swift; path = CalendarComponent.swift; sourceTree = "<group>"; };
		469E61BD28CCC367008D86B3 /* GDBDCalendarViewCell.swift */ = {isa = PBXFileReference; lastKnownFileType = sourcecode.swift; path = GDBDCalendarViewCell.swift; sourceTree = "<group>"; };
		469E61C028CCC872008D86B3 /* Dot.swift */ = {isa = PBXFileReference; lastKnownFileType = sourcecode.swift; path = Dot.swift; sourceTree = "<group>"; };
		469E61C728CCC9AE008D86B3 /* GDBD.xcdatamodel */ = {isa = PBXFileReference; lastKnownFileType = wrapper.xcdatamodel; path = GDBD.xcdatamodel; sourceTree = "<group>"; };
		469E61C928CCCAAB008D86B3 /* DotCDModel+CoreDataClass.swift */ = {isa = PBXFileReference; lastKnownFileType = sourcecode.swift; path = "DotCDModel+CoreDataClass.swift"; sourceTree = "<group>"; };
		469E61CA28CCCAAB008D86B3 /* DotCDModel+CoreDataProperties.swift */ = {isa = PBXFileReference; lastKnownFileType = sourcecode.swift; path = "DotCDModel+CoreDataProperties.swift"; sourceTree = "<group>"; };
		469E61CE28CCCC60008D86B3 /* DotCDModelFactory.swift */ = {isa = PBXFileReference; lastKnownFileType = sourcecode.swift; path = DotCDModelFactory.swift; sourceTree = "<group>"; };
		469E61D028CCD7B1008D86B3 /* DotsTableView.swift */ = {isa = PBXFileReference; lastKnownFileType = sourcecode.swift; path = DotsTableView.swift; sourceTree = "<group>"; };
		469E61D428CCE1E0008D86B3 /* MonthDatePicker.swift */ = {isa = PBXFileReference; lastKnownFileType = sourcecode.swift; path = MonthDatePicker.swift; sourceTree = "<group>"; };
		46E90BBC28ADBC8200A63878 /* RoundedCornerView.swift */ = {isa = PBXFileReference; lastKnownFileType = sourcecode.swift; path = RoundedCornerView.swift; sourceTree = "<group>"; };
		46E90BBF28ADD1F700A63878 /* NewDotView.swift */ = {isa = PBXFileReference; lastKnownFileType = sourcecode.swift; path = NewDotView.swift; sourceTree = "<group>"; };
		46E90BEE28AF39EC00A63878 /* CalendarView.swift */ = {isa = PBXFileReference; lastKnownFileType = sourcecode.swift; path = CalendarView.swift; sourceTree = "<group>"; };
		46E90BF228AF3E9700A63878 /* Date + Utilities.swift */ = {isa = PBXFileReference; lastKnownFileType = sourcecode.swift; path = "Date + Utilities.swift"; sourceTree = "<group>"; };
		46F4C93128B3159A00641857 /* TitledTextField.swift */ = {isa = PBXFileReference; lastKnownFileType = sourcecode.swift; path = TitledTextField.swift; sourceTree = "<group>"; };
		46F4C93428B346D200641857 /* NSError + Utilities.swift */ = {isa = PBXFileReference; lastKnownFileType = sourcecode.swift; path = "NSError + Utilities.swift"; sourceTree = "<group>"; };
		46F4C93728B3BE6300641857 /* Colors.swift */ = {isa = PBXFileReference; lastKnownFileType = sourcecode.swift; path = Colors.swift; sourceTree = "<group>"; };
		46F4C93928B5A23600641857 /* CreateDotViewStore.swift */ = {isa = PBXFileReference; lastKnownFileType = sourcecode.swift; path = CreateDotViewStore.swift; sourceTree = "<group>"; };
/* End PBXFileReference section */

/* Begin PBXFrameworksBuildPhase section */
		4641863028A607DC009188D8 /* Frameworks */ = {
			isa = PBXFrameworksBuildPhase;
			buildActionMask = 2147483647;
			files = (
			);
			runOnlyForDeploymentPostprocessing = 0;
		};
		4641864528A607DF009188D8 /* Frameworks */ = {
			isa = PBXFrameworksBuildPhase;
			buildActionMask = 2147483647;
			files = (
			);
			runOnlyForDeploymentPostprocessing = 0;
		};
		4641864F28A607DF009188D8 /* Frameworks */ = {
			isa = PBXFrameworksBuildPhase;
			buildActionMask = 2147483647;
			files = (
			);
			runOnlyForDeploymentPostprocessing = 0;
		};
/* End PBXFrameworksBuildPhase section */

/* Begin PBXGroup section */
		46371F9728AF5C070079BC3B /* CoreData */ = {
			isa = PBXGroup;
			children = (
				469E61C628CCC9AE008D86B3 /* GDBD.xcdatamodeld */,
				46371F9D28AF5C070079BC3B /* Persistence.swift */,
				46371F9A28AF5C070079BC3B /* Classes */,
				46371F9E28AF5C070079BC3B /* Services */,
				469E61CD28CCCB11008D86B3 /* Factories */,
			);
			path = CoreData;
			sourceTree = "<group>";
		};
		46371F9A28AF5C070079BC3B /* Classes */ = {
			isa = PBXGroup;
			children = (
				469E61C928CCCAAB008D86B3 /* DotCDModel+CoreDataClass.swift */,
				469E61CA28CCCAAB008D86B3 /* DotCDModel+CoreDataProperties.swift */,
			);
			path = Classes;
			sourceTree = "<group>";
		};
		46371F9E28AF5C070079BC3B /* Services */ = {
			isa = PBXGroup;
			children = (
				46371F9F28AF5C070079BC3B /* DotCoreDataService.swift */,
			);
			path = Services;
			sourceTree = "<group>";
		};
		46371FA528AF5E0B0079BC3B /* Services */ = {
			isa = PBXGroup;
			children = (
				46371FA628AF5E190079BC3B /* DotService.swift */,
			);
			path = Services;
			sourceTree = "<group>";
		};
		46371FA828AF709C0079BC3B /* Buttons */ = {
			isa = PBXGroup;
			children = (
				46371FA928AF70AA0079BC3B /* BaseButton.swift */,
				46371FAB28AF70B70079BC3B /* PrimaryButton.swift */,
				46371FAD28AF717A0079BC3B /* SecondaryButton.swift */,
			);
			path = Buttons;
			sourceTree = "<group>";
		};
		4639C7FD28B666BD00107A27 /* Services */ = {
			isa = PBXGroup;
			children = (
				4639C7FE28B666CF00107A27 /* DotServiceTests.swift */,
			);
			path = Services;
			sourceTree = "<group>";
		};
		4639C80028B6681F00107A27 /* Mocking */ = {
			isa = PBXGroup;
			children = (
				4639C80128B6682600107A27 /* Services */,
			);
			path = Mocking;
			sourceTree = "<group>";
		};
		4639C80128B6682600107A27 /* Services */ = {
			isa = PBXGroup;
			children = (
				4639C7FB28B6665E00107A27 /* DotMockService.swift */,
			);
			path = Services;
			sourceTree = "<group>";
		};
		4641862A28A607DB009188D8 = {
			isa = PBXGroup;
			children = (
				4641863528A607DC009188D8 /* GDBD */,
				4641864B28A607DF009188D8 /* GDBDTests */,
				4641865528A607DF009188D8 /* GDBDUITests */,
				4641863428A607DC009188D8 /* Products */,
			);
			sourceTree = "<group>";
		};
		4641863428A607DC009188D8 /* Products */ = {
			isa = PBXGroup;
			children = (
				4641863328A607DC009188D8 /* GDBD.app */,
				4641864828A607DF009188D8 /* GDBDTests.xctest */,
				4641865228A607DF009188D8 /* GDBDUITests.xctest */,
			);
			name = Products;
			sourceTree = "<group>";
		};
		4641863528A607DC009188D8 /* GDBD */ = {
			isa = PBXGroup;
			children = (
				4641863628A607DC009188D8 /* GDBDApp.swift */,
				46E90BBE28ADD1E200A63878 /* Main UI */,
				46F4C93328B31D8300641857 /* Create Dot */,
				466C658028A6181000DF8951 /* Calendar */,
				46E90BBB28ADBC6100A63878 /* Helpers */,
				46F4C93628B3BE5700641857 /* Constants */,
				46E90C0D28AF5B1400A63878 /* Data */,
				4641863A28A607DF009188D8 /* Assets.xcassets */,
				4641863C28A607DF009188D8 /* Preview Content */,
			);
			path = GDBD;
			sourceTree = "<group>";
		};
		4641863C28A607DF009188D8 /* Preview Content */ = {
			isa = PBXGroup;
			children = (
				4641863D28A607DF009188D8 /* Preview Assets.xcassets */,
			);
			path = "Preview Content";
			sourceTree = "<group>";
		};
		4641864B28A607DF009188D8 /* GDBDTests */ = {
			isa = PBXGroup;
			children = (
				4639C80028B6681F00107A27 /* Mocking */,
				4639C7FD28B666BD00107A27 /* Services */,
				46F4C93B28B5A2E200641857 /* Create Dot Tests */,
				469BFA0F28CE252D00D380D4 /* Calendar */,
			);
			path = GDBDTests;
			sourceTree = "<group>";
		};
		4641865528A607DF009188D8 /* GDBDUITests */ = {
			isa = PBXGroup;
			children = (
				4641865628A607DF009188D8 /* GDBDUITests.swift */,
				4641865828A607DF009188D8 /* GDBDUITestsLaunchTests.swift */,
			);
			path = GDBDUITests;
			sourceTree = "<group>";
		};
		466C658028A6181000DF8951 /* Calendar */ = {
			isa = PBXGroup;
			children = (
				469E61B928C6356F008D86B3 /* Components */,
				46E90BEE28AF39EC00A63878 /* CalendarView.swift */,
				46973B8328B6F55C00037315 /* CalendarViewStore.swift */,
			);
			path = Calendar;
			sourceTree = "<group>";
		};
		469BFA0C28CE131600D380D4 /* StyleSwitcher */ = {
			isa = PBXGroup;
			children = (
				469BFA0D28CE132F00D380D4 /* StyleSwitcher.swift */,
			);
			path = StyleSwitcher;
			sourceTree = "<group>";
		};
		469BFA0F28CE252D00D380D4 /* Calendar */ = {
			isa = PBXGroup;
			children = (
				469BFA1028CE255400D380D4 /* CalendarViewStoreTests.swift */,
			);
			path = Calendar;
			sourceTree = "<group>";
		};
		469BFA1228D09C8B00D380D4 /* GDBDCalanderCell */ = {
			isa = PBXGroup;
			children = (
				469E61BD28CCC367008D86B3 /* GDBDCalendarViewCell.swift */,
			);
			path = GDBDCalanderCell;
			sourceTree = "<group>";
		};
		469E61B928C6356F008D86B3 /* Components */ = {
			isa = PBXGroup;
			children = (
				469BFA0C28CE131600D380D4 /* StyleSwitcher */,
				469E61D328CCDA7A008D86B3 /* MonthDatePicker */,
				469E61D228CCDA06008D86B3 /* TableView */,
				469E61BA28CCC31C008D86B3 /* Calendar */,
				469BFA1228D09C8B00D380D4 /* GDBDCalanderCell */,
			);
			path = Components;
			sourceTree = "<group>";
		};
		469E61BA28CCC31C008D86B3 /* Calendar */ = {
			isa = PBXGroup;
			children = (
				469E61BB28CCC331008D86B3 /* CalendarComponent.swift */,
				469BFA1328D09CC800D380D4 /* CalendarCell.swift */,
			);
			path = Calendar;
			sourceTree = "<group>";
		};
		469E61BF28CCC847008D86B3 /* Models */ = {
			isa = PBXGroup;
			children = (
				469E61C028CCC872008D86B3 /* Dot.swift */,
			);
			path = Models;
			sourceTree = "<group>";
		};
		469E61CD28CCCB11008D86B3 /* Factories */ = {
			isa = PBXGroup;
			children = (
				469E61CE28CCCC60008D86B3 /* DotCDModelFactory.swift */,
			);
			path = Factories;
			sourceTree = "<group>";
		};
		469E61D228CCDA06008D86B3 /* TableView */ = {
			isa = PBXGroup;
			children = (
				469E61D028CCD7B1008D86B3 /* DotsTableView.swift */,
			);
			path = TableView;
			sourceTree = "<group>";
		};
		469E61D328CCDA7A008D86B3 /* MonthDatePicker */ = {
			isa = PBXGroup;
			children = (
				469E61D428CCE1E0008D86B3 /* MonthDatePicker.swift */,
			);
			path = MonthDatePicker;
			sourceTree = "<group>";
		};
		46E90BBB28ADBC6100A63878 /* Helpers */ = {
			isa = PBXGroup;
			children = (
				46E90BF128AF3E8000A63878 /* View Components */,
				46E90BF028AF3E7800A63878 /* Utilities */,
			);
			path = Helpers;
			sourceTree = "<group>";
		};
		46E90BBE28ADD1E200A63878 /* Main UI */ = {
			isa = PBXGroup;
			children = (
				46E90BBF28ADD1F700A63878 /* NewDotView.swift */,
				466C657D28A613ED00DF8951 /* MainTabBarView.swift */,
			);
			path = "Main UI";
			sourceTree = "<group>";
		};
		46E90BF028AF3E7800A63878 /* Utilities */ = {
			isa = PBXGroup;
			children = (
				46E90BF228AF3E9700A63878 /* Date + Utilities.swift */,
				46F4C93428B346D200641857 /* NSError + Utilities.swift */,
				46973B8528B72EBF00037315 /* UIColor + Utilities.swift */,
			);
			path = Utilities;
			sourceTree = "<group>";
		};
		46E90BF128AF3E8000A63878 /* View Components */ = {
			isa = PBXGroup;
			children = (
				46F4C93028B3158500641857 /* Text Fields */,
				46371FA828AF709C0079BC3B /* Buttons */,
				46E90BBC28ADBC8200A63878 /* RoundedCornerView.swift */,
			);
			path = "View Components";
			sourceTree = "<group>";
		};
		46E90C0D28AF5B1400A63878 /* Data */ = {
			isa = PBXGroup;
			children = (
				469E61BF28CCC847008D86B3 /* Models */,
				46371FA528AF5E0B0079BC3B /* Services */,
				46371F9728AF5C070079BC3B /* CoreData */,
			);
			path = Data;
			sourceTree = "<group>";
		};
		46F4C93028B3158500641857 /* Text Fields */ = {
			isa = PBXGroup;
			children = (
				46F4C93128B3159A00641857 /* TitledTextField.swift */,
			);
			path = "Text Fields";
			sourceTree = "<group>";
		};
		46F4C93328B31D8300641857 /* Create Dot */ = {
			isa = PBXGroup;
			children = (
				466C658128A6183000DF8951 /* CreateDotView.swift */,
				46F4C93928B5A23600641857 /* CreateDotViewStore.swift */,
			);
			path = "Create Dot";
			sourceTree = "<group>";
		};
		46F4C93628B3BE5700641857 /* Constants */ = {
			isa = PBXGroup;
			children = (
				46F4C93728B3BE6300641857 /* Colors.swift */,
			);
			path = Constants;
			sourceTree = "<group>";
		};
		46F4C93B28B5A2E200641857 /* Create Dot Tests */ = {
			isa = PBXGroup;
			children = (
				4641864C28A607DF009188D8 /* CreateDotViewStoreTests.swift */,
			);
			path = "Create Dot Tests";
			sourceTree = "<group>";
		};
/* End PBXGroup section */

/* Begin PBXNativeTarget section */
		4641863228A607DC009188D8 /* GDBD */ = {
			isa = PBXNativeTarget;
			buildConfigurationList = 4641865C28A607DF009188D8 /* Build configuration list for PBXNativeTarget "GDBD" */;
			buildPhases = (
				4641862F28A607DC009188D8 /* Sources */,
				4641863028A607DC009188D8 /* Frameworks */,
				4641863128A607DC009188D8 /* Resources */,
			);
			buildRules = (
			);
			dependencies = (
			);
			name = GDBD;
			productName = GDBD;
			productReference = 4641863328A607DC009188D8 /* GDBD.app */;
			productType = "com.apple.product-type.application";
		};
		4641864728A607DF009188D8 /* GDBDTests */ = {
			isa = PBXNativeTarget;
			buildConfigurationList = 4641865F28A607DF009188D8 /* Build configuration list for PBXNativeTarget "GDBDTests" */;
			buildPhases = (
				4641864428A607DF009188D8 /* Sources */,
				4641864528A607DF009188D8 /* Frameworks */,
				4641864628A607DF009188D8 /* Resources */,
			);
			buildRules = (
			);
			dependencies = (
				4641864A28A607DF009188D8 /* PBXTargetDependency */,
			);
			name = GDBDTests;
			productName = GDBDTests;
			productReference = 4641864828A607DF009188D8 /* GDBDTests.xctest */;
			productType = "com.apple.product-type.bundle.unit-test";
		};
		4641865128A607DF009188D8 /* GDBDUITests */ = {
			isa = PBXNativeTarget;
			buildConfigurationList = 4641866228A607DF009188D8 /* Build configuration list for PBXNativeTarget "GDBDUITests" */;
			buildPhases = (
				4641864E28A607DF009188D8 /* Sources */,
				4641864F28A607DF009188D8 /* Frameworks */,
				4641865028A607DF009188D8 /* Resources */,
			);
			buildRules = (
			);
			dependencies = (
				4641865428A607DF009188D8 /* PBXTargetDependency */,
			);
			name = GDBDUITests;
			productName = GDBDUITests;
			productReference = 4641865228A607DF009188D8 /* GDBDUITests.xctest */;
			productType = "com.apple.product-type.bundle.ui-testing";
		};
/* End PBXNativeTarget section */

/* Begin PBXProject section */
		4641862B28A607DB009188D8 /* Project object */ = {
			isa = PBXProject;
			attributes = {
				BuildIndependentTargetsInParallel = 1;
				LastSwiftUpdateCheck = 1340;
				LastUpgradeCheck = 1340;
				TargetAttributes = {
					4641863228A607DC009188D8 = {
						CreatedOnToolsVersion = 13.4.1;
					};
					4641864728A607DF009188D8 = {
						CreatedOnToolsVersion = 13.4.1;
						TestTargetID = 4641863228A607DC009188D8;
					};
					4641865128A607DF009188D8 = {
						CreatedOnToolsVersion = 13.4.1;
						TestTargetID = 4641863228A607DC009188D8;
					};
				};
			};
			buildConfigurationList = 4641862E28A607DB009188D8 /* Build configuration list for PBXProject "GDBD" */;
			compatibilityVersion = "Xcode 13.0";
			developmentRegion = en;
			hasScannedForEncodings = 0;
			knownRegions = (
				en,
				Base,
			);
			mainGroup = 4641862A28A607DB009188D8;
			productRefGroup = 4641863428A607DC009188D8 /* Products */;
			projectDirPath = "";
			projectRoot = "";
			targets = (
				4641863228A607DC009188D8 /* GDBD */,
				4641864728A607DF009188D8 /* GDBDTests */,
				4641865128A607DF009188D8 /* GDBDUITests */,
			);
		};
/* End PBXProject section */

/* Begin PBXResourcesBuildPhase section */
		4641863128A607DC009188D8 /* Resources */ = {
			isa = PBXResourcesBuildPhase;
			buildActionMask = 2147483647;
			files = (
				4641863E28A607DF009188D8 /* Preview Assets.xcassets in Resources */,
				4641863B28A607DF009188D8 /* Assets.xcassets in Resources */,
			);
			runOnlyForDeploymentPostprocessing = 0;
		};
		4641864628A607DF009188D8 /* Resources */ = {
			isa = PBXResourcesBuildPhase;
			buildActionMask = 2147483647;
			files = (
			);
			runOnlyForDeploymentPostprocessing = 0;
		};
		4641865028A607DF009188D8 /* Resources */ = {
			isa = PBXResourcesBuildPhase;
			buildActionMask = 2147483647;
			files = (
			);
			runOnlyForDeploymentPostprocessing = 0;
		};
/* End PBXResourcesBuildPhase section */

/* Begin PBXSourcesBuildPhase section */
		4641862F28A607DC009188D8 /* Sources */ = {
			isa = PBXSourcesBuildPhase;
			buildActionMask = 2147483647;
			files = (
				469E61D128CCD7B1008D86B3 /* DotsTableView.swift in Sources */,
				46371FA328AF5C070079BC3B /* Persistence.swift in Sources */,
				46E90BF328AF3E9700A63878 /* Date + Utilities.swift in Sources */,
				46F4C93528B346D200641857 /* NSError + Utilities.swift in Sources */,
				469E61CF28CCCC60008D86B3 /* DotCDModelFactory.swift in Sources */,
				46973B8628B72EBF00037315 /* UIColor + Utilities.swift in Sources */,
				469E61D528CCE1E0008D86B3 /* MonthDatePicker.swift in Sources */,
				46E90BEF28AF39EC00A63878 /* CalendarView.swift in Sources */,
				469E61BE28CCC367008D86B3 /* GDBDCalendarViewCell.swift in Sources */,
				46371FAE28AF717A0079BC3B /* SecondaryButton.swift in Sources */,
				46371FA428AF5C070079BC3B /* DotCoreDataService.swift in Sources */,
				4641863728A607DC009188D8 /* GDBDApp.swift in Sources */,
				469E61C828CCC9AE008D86B3 /* GDBD.xcdatamodeld in Sources */,
				466C657E28A613ED00DF8951 /* MainTabBarView.swift in Sources */,
				46F4C93A28B5A23600641857 /* CreateDotViewStore.swift in Sources */,
				469E61CB28CCCAAB008D86B3 /* DotCDModel+CoreDataClass.swift in Sources */,
				46371FA728AF5E190079BC3B /* DotService.swift in Sources */,
				46F4C93828B3BE6300641857 /* Colors.swift in Sources */,
				46371FAA28AF70AA0079BC3B /* BaseButton.swift in Sources */,
				469BFA1428D09CC800D380D4 /* CalendarCell.swift in Sources */,
				469BFA0E28CE132F00D380D4 /* StyleSwitcher.swift in Sources */,
				46973B8428B6F55C00037315 /* CalendarViewStore.swift in Sources */,
				466C658228A6183000DF8951 /* CreateDotView.swift in Sources */,
				469E61BC28CCC331008D86B3 /* CalendarComponent.swift in Sources */,
				46371FAC28AF70B70079BC3B /* PrimaryButton.swift in Sources */,
				46E90BC028ADD1F700A63878 /* NewDotView.swift in Sources */,
				469E61CC28CCCAAB008D86B3 /* DotCDModel+CoreDataProperties.swift in Sources */,
				46F4C93228B3159A00641857 /* TitledTextField.swift in Sources */,
				469E61C128CCC872008D86B3 /* Dot.swift in Sources */,
				46E90BBD28ADBC8200A63878 /* RoundedCornerView.swift in Sources */,
			);
			runOnlyForDeploymentPostprocessing = 0;
		};
		4641864428A607DF009188D8 /* Sources */ = {
			isa = PBXSourcesBuildPhase;
			buildActionMask = 2147483647;
			files = (
				469BFA1128CE255400D380D4 /* CalendarViewStoreTests.swift in Sources */,
				4639C7FF28B666CF00107A27 /* DotServiceTests.swift in Sources */,
				4641864D28A607DF009188D8 /* CreateDotViewStoreTests.swift in Sources */,
				4639C7FC28B6665E00107A27 /* DotMockService.swift in Sources */,
			);
			runOnlyForDeploymentPostprocessing = 0;
		};
		4641864E28A607DF009188D8 /* Sources */ = {
			isa = PBXSourcesBuildPhase;
			buildActionMask = 2147483647;
			files = (
				4641865728A607DF009188D8 /* GDBDUITests.swift in Sources */,
				4641865928A607DF009188D8 /* GDBDUITestsLaunchTests.swift in Sources */,
			);
			runOnlyForDeploymentPostprocessing = 0;
		};
/* End PBXSourcesBuildPhase section */

/* Begin PBXTargetDependency section */
		4641864A28A607DF009188D8 /* PBXTargetDependency */ = {
			isa = PBXTargetDependency;
			target = 4641863228A607DC009188D8 /* GDBD */;
			targetProxy = 4641864928A607DF009188D8 /* PBXContainerItemProxy */;
		};
		4641865428A607DF009188D8 /* PBXTargetDependency */ = {
			isa = PBXTargetDependency;
			target = 4641863228A607DC009188D8 /* GDBD */;
			targetProxy = 4641865328A607DF009188D8 /* PBXContainerItemProxy */;
		};
/* End PBXTargetDependency section */

/* Begin XCBuildConfiguration section */
		4641865A28A607DF009188D8 /* Debug */ = {
			isa = XCBuildConfiguration;
			buildSettings = {
				ALWAYS_SEARCH_USER_PATHS = NO;
				CLANG_ANALYZER_NONNULL = YES;
				CLANG_ANALYZER_NUMBER_OBJECT_CONVERSION = YES_AGGRESSIVE;
				CLANG_CXX_LANGUAGE_STANDARD = "gnu++17";
				CLANG_ENABLE_MODULES = YES;
				CLANG_ENABLE_OBJC_ARC = YES;
				CLANG_ENABLE_OBJC_WEAK = YES;
				CLANG_WARN_BLOCK_CAPTURE_AUTORELEASING = YES;
				CLANG_WARN_BOOL_CONVERSION = YES;
				CLANG_WARN_COMMA = YES;
				CLANG_WARN_CONSTANT_CONVERSION = YES;
				CLANG_WARN_DEPRECATED_OBJC_IMPLEMENTATIONS = YES;
				CLANG_WARN_DIRECT_OBJC_ISA_USAGE = YES_ERROR;
				CLANG_WARN_DOCUMENTATION_COMMENTS = YES;
				CLANG_WARN_EMPTY_BODY = YES;
				CLANG_WARN_ENUM_CONVERSION = YES;
				CLANG_WARN_INFINITE_RECURSION = YES;
				CLANG_WARN_INT_CONVERSION = YES;
				CLANG_WARN_NON_LITERAL_NULL_CONVERSION = YES;
				CLANG_WARN_OBJC_IMPLICIT_RETAIN_SELF = YES;
				CLANG_WARN_OBJC_LITERAL_CONVERSION = YES;
				CLANG_WARN_OBJC_ROOT_CLASS = YES_ERROR;
				CLANG_WARN_QUOTED_INCLUDE_IN_FRAMEWORK_HEADER = YES;
				CLANG_WARN_RANGE_LOOP_ANALYSIS = YES;
				CLANG_WARN_STRICT_PROTOTYPES = YES;
				CLANG_WARN_SUSPICIOUS_MOVE = YES;
				CLANG_WARN_UNGUARDED_AVAILABILITY = YES_AGGRESSIVE;
				CLANG_WARN_UNREACHABLE_CODE = YES;
				CLANG_WARN__DUPLICATE_METHOD_MATCH = YES;
				COPY_PHASE_STRIP = NO;
				DEBUG_INFORMATION_FORMAT = dwarf;
				ENABLE_STRICT_OBJC_MSGSEND = YES;
				ENABLE_TESTABILITY = YES;
				GCC_C_LANGUAGE_STANDARD = gnu11;
				GCC_DYNAMIC_NO_PIC = NO;
				GCC_NO_COMMON_BLOCKS = YES;
				GCC_OPTIMIZATION_LEVEL = 0;
				GCC_PREPROCESSOR_DEFINITIONS = (
					"DEBUG=1",
					"$(inherited)",
				);
				GCC_WARN_64_TO_32_BIT_CONVERSION = YES;
				GCC_WARN_ABOUT_RETURN_TYPE = YES_ERROR;
				GCC_WARN_UNDECLARED_SELECTOR = YES;
				GCC_WARN_UNINITIALIZED_AUTOS = YES_AGGRESSIVE;
				GCC_WARN_UNUSED_FUNCTION = YES;
				GCC_WARN_UNUSED_VARIABLE = YES;
				IPHONEOS_DEPLOYMENT_TARGET = 16.0;
				MTL_ENABLE_DEBUG_INFO = INCLUDE_SOURCE;
				MTL_FAST_MATH = YES;
				ONLY_ACTIVE_ARCH = YES;
				SDKROOT = iphoneos;
				SWIFT_ACTIVE_COMPILATION_CONDITIONS = DEBUG;
				SWIFT_OPTIMIZATION_LEVEL = "-Onone";
			};
			name = Debug;
		};
		4641865B28A607DF009188D8 /* Release */ = {
			isa = XCBuildConfiguration;
			buildSettings = {
				ALWAYS_SEARCH_USER_PATHS = NO;
				CLANG_ANALYZER_NONNULL = YES;
				CLANG_ANALYZER_NUMBER_OBJECT_CONVERSION = YES_AGGRESSIVE;
				CLANG_CXX_LANGUAGE_STANDARD = "gnu++17";
				CLANG_ENABLE_MODULES = YES;
				CLANG_ENABLE_OBJC_ARC = YES;
				CLANG_ENABLE_OBJC_WEAK = YES;
				CLANG_WARN_BLOCK_CAPTURE_AUTORELEASING = YES;
				CLANG_WARN_BOOL_CONVERSION = YES;
				CLANG_WARN_COMMA = YES;
				CLANG_WARN_CONSTANT_CONVERSION = YES;
				CLANG_WARN_DEPRECATED_OBJC_IMPLEMENTATIONS = YES;
				CLANG_WARN_DIRECT_OBJC_ISA_USAGE = YES_ERROR;
				CLANG_WARN_DOCUMENTATION_COMMENTS = YES;
				CLANG_WARN_EMPTY_BODY = YES;
				CLANG_WARN_ENUM_CONVERSION = YES;
				CLANG_WARN_INFINITE_RECURSION = YES;
				CLANG_WARN_INT_CONVERSION = YES;
				CLANG_WARN_NON_LITERAL_NULL_CONVERSION = YES;
				CLANG_WARN_OBJC_IMPLICIT_RETAIN_SELF = YES;
				CLANG_WARN_OBJC_LITERAL_CONVERSION = YES;
				CLANG_WARN_OBJC_ROOT_CLASS = YES_ERROR;
				CLANG_WARN_QUOTED_INCLUDE_IN_FRAMEWORK_HEADER = YES;
				CLANG_WARN_RANGE_LOOP_ANALYSIS = YES;
				CLANG_WARN_STRICT_PROTOTYPES = YES;
				CLANG_WARN_SUSPICIOUS_MOVE = YES;
				CLANG_WARN_UNGUARDED_AVAILABILITY = YES_AGGRESSIVE;
				CLANG_WARN_UNREACHABLE_CODE = YES;
				CLANG_WARN__DUPLICATE_METHOD_MATCH = YES;
				COPY_PHASE_STRIP = NO;
				DEBUG_INFORMATION_FORMAT = "dwarf-with-dsym";
				ENABLE_NS_ASSERTIONS = NO;
				ENABLE_STRICT_OBJC_MSGSEND = YES;
				GCC_C_LANGUAGE_STANDARD = gnu11;
				GCC_NO_COMMON_BLOCKS = YES;
				GCC_WARN_64_TO_32_BIT_CONVERSION = YES;
				GCC_WARN_ABOUT_RETURN_TYPE = YES_ERROR;
				GCC_WARN_UNDECLARED_SELECTOR = YES;
				GCC_WARN_UNINITIALIZED_AUTOS = YES_AGGRESSIVE;
				GCC_WARN_UNUSED_FUNCTION = YES;
				GCC_WARN_UNUSED_VARIABLE = YES;
				IPHONEOS_DEPLOYMENT_TARGET = 16.0;
				MTL_ENABLE_DEBUG_INFO = NO;
				MTL_FAST_MATH = YES;
				SDKROOT = iphoneos;
				SWIFT_COMPILATION_MODE = wholemodule;
				SWIFT_OPTIMIZATION_LEVEL = "-O";
				VALIDATE_PRODUCT = YES;
			};
			name = Release;
		};
		4641865D28A607DF009188D8 /* Debug */ = {
			isa = XCBuildConfiguration;
			buildSettings = {
				ASSETCATALOG_COMPILER_APPICON_NAME = AppIcon;
				ASSETCATALOG_COMPILER_GLOBAL_ACCENT_COLOR_NAME = AccentColor;
				CODE_SIGN_STYLE = Automatic;
				CURRENT_PROJECT_VERSION = 1;
				DEVELOPMENT_ASSET_PATHS = "\"GDBD/Preview Content\"";
				DEVELOPMENT_TEAM = EUM5NDB3H2;
				ENABLE_PREVIEWS = YES;
				GENERATE_INFOPLIST_FILE = YES;
				INFOPLIST_KEY_UIApplicationSceneManifest_Generation = YES;
				INFOPLIST_KEY_UIApplicationSupportsIndirectInputEvents = YES;
				INFOPLIST_KEY_UILaunchScreen_Generation = YES;
				INFOPLIST_KEY_UISupportedInterfaceOrientations_iPad = "UIInterfaceOrientationPortrait UIInterfaceOrientationPortraitUpsideDown UIInterfaceOrientationLandscapeLeft UIInterfaceOrientationLandscapeRight";
				INFOPLIST_KEY_UISupportedInterfaceOrientations_iPhone = "UIInterfaceOrientationPortrait UIInterfaceOrientationLandscapeLeft UIInterfaceOrientationLandscapeRight";
				LD_RUNPATH_SEARCH_PATHS = (
					"$(inherited)",
					"@executable_path/Frameworks",
				);
				MARKETING_VERSION = 1.0;
				PRODUCT_BUNDLE_IDENTIFIER = com.samuelwong.GDBD;
				PRODUCT_NAME = "$(TARGET_NAME)";
				SWIFT_EMIT_LOC_STRINGS = YES;
				SWIFT_VERSION = 5.0;
				TARGETED_DEVICE_FAMILY = "1,2";
			};
			name = Debug;
		};
		4641865E28A607DF009188D8 /* Release */ = {
			isa = XCBuildConfiguration;
			buildSettings = {
				ASSETCATALOG_COMPILER_APPICON_NAME = AppIcon;
				ASSETCATALOG_COMPILER_GLOBAL_ACCENT_COLOR_NAME = AccentColor;
				CODE_SIGN_STYLE = Automatic;
				CURRENT_PROJECT_VERSION = 1;
				DEVELOPMENT_ASSET_PATHS = "\"GDBD/Preview Content\"";
				DEVELOPMENT_TEAM = EUM5NDB3H2;
				ENABLE_PREVIEWS = YES;
				GENERATE_INFOPLIST_FILE = YES;
				INFOPLIST_KEY_UIApplicationSceneManifest_Generation = YES;
				INFOPLIST_KEY_UIApplicationSupportsIndirectInputEvents = YES;
				INFOPLIST_KEY_UILaunchScreen_Generation = YES;
				INFOPLIST_KEY_UISupportedInterfaceOrientations_iPad = "UIInterfaceOrientationPortrait UIInterfaceOrientationPortraitUpsideDown UIInterfaceOrientationLandscapeLeft UIInterfaceOrientationLandscapeRight";
				INFOPLIST_KEY_UISupportedInterfaceOrientations_iPhone = "UIInterfaceOrientationPortrait UIInterfaceOrientationLandscapeLeft UIInterfaceOrientationLandscapeRight";
				LD_RUNPATH_SEARCH_PATHS = (
					"$(inherited)",
					"@executable_path/Frameworks",
				);
				MARKETING_VERSION = 1.0;
				PRODUCT_BUNDLE_IDENTIFIER = com.samuelwong.GDBD;
				PRODUCT_NAME = "$(TARGET_NAME)";
				SWIFT_EMIT_LOC_STRINGS = YES;
				SWIFT_VERSION = 5.0;
				TARGETED_DEVICE_FAMILY = "1,2";
			};
			name = Release;
		};
		4641866028A607DF009188D8 /* Debug */ = {
			isa = XCBuildConfiguration;
			buildSettings = {
				ALWAYS_EMBED_SWIFT_STANDARD_LIBRARIES = YES;
				BUNDLE_LOADER = "$(TEST_HOST)";
				CODE_SIGN_STYLE = Automatic;
				CURRENT_PROJECT_VERSION = 1;
				DEVELOPMENT_TEAM = EUM5NDB3H2;
				GENERATE_INFOPLIST_FILE = YES;
				IPHONEOS_DEPLOYMENT_TARGET = 16.0;
				MARKETING_VERSION = 1.0;
				PRODUCT_BUNDLE_IDENTIFIER = com.samuelwong.GDBDTests;
				PRODUCT_NAME = "$(TARGET_NAME)";
				SWIFT_EMIT_LOC_STRINGS = NO;
				SWIFT_VERSION = 5.0;
				TARGETED_DEVICE_FAMILY = "1,2";
				TEST_HOST = "$(BUILT_PRODUCTS_DIR)/GDBD.app/GDBD";
			};
			name = Debug;
		};
		4641866128A607DF009188D8 /* Release */ = {
			isa = XCBuildConfiguration;
			buildSettings = {
				ALWAYS_EMBED_SWIFT_STANDARD_LIBRARIES = YES;
				BUNDLE_LOADER = "$(TEST_HOST)";
				CODE_SIGN_STYLE = Automatic;
				CURRENT_PROJECT_VERSION = 1;
				DEVELOPMENT_TEAM = EUM5NDB3H2;
				GENERATE_INFOPLIST_FILE = YES;
				IPHONEOS_DEPLOYMENT_TARGET = 16.0;
				MARKETING_VERSION = 1.0;
				PRODUCT_BUNDLE_IDENTIFIER = com.samuelwong.GDBDTests;
				PRODUCT_NAME = "$(TARGET_NAME)";
				SWIFT_EMIT_LOC_STRINGS = NO;
				SWIFT_VERSION = 5.0;
				TARGETED_DEVICE_FAMILY = "1,2";
				TEST_HOST = "$(BUILT_PRODUCTS_DIR)/GDBD.app/GDBD";
			};
			name = Release;
		};
		4641866328A607DF009188D8 /* Debug */ = {
			isa = XCBuildConfiguration;
			buildSettings = {
				ALWAYS_EMBED_SWIFT_STANDARD_LIBRARIES = YES;
				CODE_SIGN_STYLE = Automatic;
				CURRENT_PROJECT_VERSION = 1;
				DEVELOPMENT_TEAM = EUM5NDB3H2;
				GENERATE_INFOPLIST_FILE = YES;
				MARKETING_VERSION = 1.0;
				PRODUCT_BUNDLE_IDENTIFIER = com.samuelwong.GDBDUITests;
				PRODUCT_NAME = "$(TARGET_NAME)";
				SWIFT_EMIT_LOC_STRINGS = NO;
				SWIFT_VERSION = 5.0;
				TARGETED_DEVICE_FAMILY = "1,2";
				TEST_TARGET_NAME = GDBD;
			};
			name = Debug;
		};
		4641866428A607DF009188D8 /* Release */ = {
			isa = XCBuildConfiguration;
			buildSettings = {
				ALWAYS_EMBED_SWIFT_STANDARD_LIBRARIES = YES;
				CODE_SIGN_STYLE = Automatic;
				CURRENT_PROJECT_VERSION = 1;
				DEVELOPMENT_TEAM = EUM5NDB3H2;
				GENERATE_INFOPLIST_FILE = YES;
				MARKETING_VERSION = 1.0;
				PRODUCT_BUNDLE_IDENTIFIER = com.samuelwong.GDBDUITests;
				PRODUCT_NAME = "$(TARGET_NAME)";
				SWIFT_EMIT_LOC_STRINGS = NO;
				SWIFT_VERSION = 5.0;
				TARGETED_DEVICE_FAMILY = "1,2";
				TEST_TARGET_NAME = GDBD;
			};
			name = Release;
		};
/* End XCBuildConfiguration section */

/* Begin XCConfigurationList section */
		4641862E28A607DB009188D8 /* Build configuration list for PBXProject "GDBD" */ = {
			isa = XCConfigurationList;
			buildConfigurations = (
				4641865A28A607DF009188D8 /* Debug */,
				4641865B28A607DF009188D8 /* Release */,
			);
			defaultConfigurationIsVisible = 0;
			defaultConfigurationName = Release;
		};
		4641865C28A607DF009188D8 /* Build configuration list for PBXNativeTarget "GDBD" */ = {
			isa = XCConfigurationList;
			buildConfigurations = (
				4641865D28A607DF009188D8 /* Debug */,
				4641865E28A607DF009188D8 /* Release */,
			);
			defaultConfigurationIsVisible = 0;
			defaultConfigurationName = Release;
		};
		4641865F28A607DF009188D8 /* Build configuration list for PBXNativeTarget "GDBDTests" */ = {
			isa = XCConfigurationList;
			buildConfigurations = (
				4641866028A607DF009188D8 /* Debug */,
				4641866128A607DF009188D8 /* Release */,
			);
			defaultConfigurationIsVisible = 0;
			defaultConfigurationName = Release;
		};
		4641866228A607DF009188D8 /* Build configuration list for PBXNativeTarget "GDBDUITests" */ = {
			isa = XCConfigurationList;
			buildConfigurations = (
				4641866328A607DF009188D8 /* Debug */,
				4641866428A607DF009188D8 /* Release */,
			);
			defaultConfigurationIsVisible = 0;
			defaultConfigurationName = Release;
		};
/* End XCConfigurationList section */

/* Begin XCVersionGroup section */
		469E61C628CCC9AE008D86B3 /* GDBD.xcdatamodeld */ = {
			isa = XCVersionGroup;
			children = (
				469E61C728CCC9AE008D86B3 /* GDBD.xcdatamodel */,
			);
			currentVersion = 469E61C728CCC9AE008D86B3 /* GDBD.xcdatamodel */;
			path = GDBD.xcdatamodeld;
			sourceTree = "<group>";
			versionGroupType = wrapper.xcdatamodel;
		};
/* End XCVersionGroup section */
	};
	rootObject = 4641862B28A607DB009188D8 /* Project object */;
}
